
Microsoft Visual Studio Solution File, Format Version 12.00
# Visual Studio 15
VisualStudioVersion = 15.0.28010.2026
MinimumVisualStudioVersion = 10.0.40219.1
Project("{FAE04EC0-301F-11D3-BF4B-00C04F79EFBC}") = "GameXO", "GameXO\GameXO.csproj", "{91E63EE0-E1F7-4EC8-87EE-F99D8F0CEB14}"
EndProject
Global
	GlobalSection(SolutionConfigurationPlatforms) = preSolution
		Debug|Any CPU = Debug|Any CPU
		Release|Any CPU = Release|Any CPU
	EndGlobalSection
	GlobalSection(ProjectConfigurationPlatforms) = postSolution
		{91E63EE0-E1F7-4EC8-87EE-F99D8F0CEB14}.Debug|Any CPU.ActiveCfg = Debug|Any CPU
		{91E63EE0-E1F7-4EC8-87EE-F99D8F0CEB14}.Debug|Any CPU.Build.0 = Debug|Any CPU
		{91E63EE0-E1F7-4EC8-87EE-F99D8F0CEB14}.Release|Any CPU.ActiveCfg = Release|Any CPU
		{91E63EE0-E1F7-4EC8-87EE-F99D8F0CEB14}.Release|Any CPU.Build.0 = Release|Any CPU
	EndGlobalSection
	GlobalSection(SolutionProperties) = preSolution
		HideSolutionNode = FALSE
	EndGlobalSection
	GlobalSection(ExtensibilityGlobals) = postSolution
		SolutionGuid = {3133A744-C3D1-4702-88B0-3EF8169DB60A}
	EndGlobalSection
EndGlobal
